
Microsoft Visual Studio Solution File, Format Version 12.00
# Visual Studio Version 17
VisualStudioVersion = 17.11.35208.52
MinimumVisualStudioVersion = 10.0.40219.1
Project("{2150E333-8FDC-42A3-9474-1A3956D46DE8}") = "Microservices", "Microservices", "{BF7F0E52-2A4C-4DB5-8F52-C0933333DEC3}"
EndProject
Project("{2150E333-8FDC-42A3-9474-1A3956D46DE8}") = "Domain", "Domain", "{8A926A7A-231C-4E3E-A532-B15CF4C7E871}"
EndProject
Project("{2150E333-8FDC-42A3-9474-1A3956D46DE8}") = "Infra.Bus", "Infra.Bus", "{CFCB119C-432C-4D02-B69C-E43BC7166FDE}"
EndProject
Project("{2150E333-8FDC-42A3-9474-1A3956D46DE8}") = "Infra.IoC", "Infra.IoC", "{AE8C0909-D820-4412-98EB-91C534F84385}"
EndProject
Project("{2150E333-8FDC-42A3-9474-1A3956D46DE8}") = "Presentation", "Presentation", "{0FF93FB0-DC49-49E3-BD03-FA1212C772C6}"
EndProject
Project("{FAE04EC0-301F-11D3-BF4B-00C04F79EFBC}") = "MicroRabbit.Domain.Core", "MicroRabbit.Domain.Core\MicroRabbit.Domain.Core.csproj", "{C8519A73-EEDE-4A3B-B10A-3FBC7251B3A1}"
EndProject
Global
	GlobalSection(SolutionConfigurationPlatforms) = preSolution
		Debug|Any CPU = Debug|Any CPU
		Release|Any CPU = Release|Any CPU
	EndGlobalSection
	GlobalSection(ProjectConfigurationPlatforms) = postSolution
		{C8519A73-EEDE-4A3B-B10A-3FBC7251B3A1}.Debug|Any CPU.ActiveCfg = Debug|Any CPU
		{C8519A73-EEDE-4A3B-B10A-3FBC7251B3A1}.Debug|Any CPU.Build.0 = Debug|Any CPU
		{C8519A73-EEDE-4A3B-B10A-3FBC7251B3A1}.Release|Any CPU.ActiveCfg = Release|Any CPU
		{C8519A73-EEDE-4A3B-B10A-3FBC7251B3A1}.Release|Any CPU.Build.0 = Release|Any CPU
	EndGlobalSection
	GlobalSection(SolutionProperties) = preSolution
		HideSolutionNode = FALSE
	EndGlobalSection
	GlobalSection(NestedProjects) = preSolution
		{C8519A73-EEDE-4A3B-B10A-3FBC7251B3A1} = {8A926A7A-231C-4E3E-A532-B15CF4C7E871}
	EndGlobalSection
	GlobalSection(ExtensibilityGlobals) = postSolution
		SolutionGuid = {9F085032-81D5-42C1-B2FD-8AE944563C43}
	EndGlobalSection
EndGlobal
